
Microsoft Visual Studio Solution File, Format Version 12.00
# Visual Studio Version 17
VisualStudioVersion = 17.0.31903.59
MinimumVisualStudioVersion = 10.0.40219.1
Project("{FAE04EC0-301F-11D3-BF4B-00C04F79EFBC}") = "DKH.ApiManagementService.Domain", "DKH.ApiManagementService.Domain\DKH.ApiManagementService.Domain.csproj", "{B8142571-F45F-461C-BA7C-6277BAB06242}"
EndProject
Project("{FAE04EC0-301F-11D3-BF4B-00C04F79EFBC}") = "DKH.ApiManagementService.Application", "DKH.ApiManagementService.Application\DKH.ApiManagementService.Application.csproj", "{F595373B-5DAC-4F42-9B49-3C446F529F42}"
EndProject
Project("{FAE04EC0-301F-11D3-BF4B-00C04F79EFBC}") = "DKH.ApiManagementService.Infrastructure", "DKH.ApiManagementService.Infrastructure\DKH.ApiManagementService.Infrastructure.csproj", "{72C4CD6D-2C14-4814-A389-96D390454AC8}"
EndProject
Project("{FAE04EC0-301F-11D3-BF4B-00C04F79EFBC}") = "DKH.ApiManagementService.Contracts", "DKH.ApiManagementService.Contracts\DKH.ApiManagementService.Contracts.csproj", "{B80241B8-DD3F-4581-82BB-C42F204B6013}"
EndProject
Project("{FAE04EC0-301F-11D3-BF4B-00C04F79EFBC}") = "DKH.ApiManagementService.Api", "DKH.ApiManagementService.Api\DKH.ApiManagementService.Api.csproj", "{4172C1B6-A0BB-446E-B849-13C84AAE5994}"
EndProject
Project("{2150E333-8FDC-42A3-9474-1A3956D46DE8}") = "tests", "tests", "{0AB3BF05-4346-4AA6-1389-037BE0695223}"
EndProject
Project("{FAE04EC0-301F-11D3-BF4B-00C04F79EFBC}") = "DKH.ApiManagementService.Tests", "tests\DKH.ApiManagementService.Tests\DKH.ApiManagementService.Tests.csproj", "{1D8A7E2F-4F3E-4895-A49C-9B45E8CA4516}"
EndProject
Project("{FAE04EC0-301F-11D3-BF4B-00C04F79EFBC}") = "DKH.ApiManagementService.IntegrationTests", "tests\DKH.ApiManagementService.IntegrationTests\DKH.ApiManagementService.IntegrationTests.csproj", "{62A4CE70-AAAF-4A40-96AA-161F6108745F}"
EndProject
Global
	GlobalSection(SolutionConfigurationPlatforms) = preSolution
		Debug|Any CPU = Debug|Any CPU
		Debug|x64 = Debug|x64
		Debug|x86 = Debug|x86
		Release|Any CPU = Release|Any CPU
		Release|x64 = Release|x64
		Release|x86 = Release|x86
	EndGlobalSection
	GlobalSection(ProjectConfigurationPlatforms) = postSolution
		{B8142571-F45F-461C-BA7C-6277BAB06242}.Debug|Any CPU.ActiveCfg = Debug|Any CPU
		{B8142571-F45F-461C-BA7C-6277BAB06242}.Debug|Any CPU.Build.0 = Debug|Any CPU
		{B8142571-F45F-461C-BA7C-6277BAB06242}.Debug|x64.ActiveCfg = Debug|Any CPU
		{B8142571-F45F-461C-BA7C-6277BAB06242}.Debug|x64.Build.0 = Debug|Any CPU
		{B8142571-F45F-461C-BA7C-6277BAB06242}.Debug|x86.ActiveCfg = Debug|Any CPU
		{B8142571-F45F-461C-BA7C-6277BAB06242}.Debug|x86.Build.0 = Debug|Any CPU
		{B8142571-F45F-461C-BA7C-6277BAB06242}.Release|Any CPU.ActiveCfg = Release|Any CPU
		{B8142571-F45F-461C-BA7C-6277BAB06242}.Release|Any CPU.Build.0 = Release|Any CPU
		{B8142571-F45F-461C-BA7C-6277BAB06242}.Release|x64.ActiveCfg = Release|Any CPU
		{B8142571-F45F-461C-BA7C-6277BAB06242}.Release|x64.Build.0 = Release|Any CPU
		{B8142571-F45F-461C-BA7C-6277BAB06242}.Release|x86.ActiveCfg = Release|Any CPU
		{B8142571-F45F-461C-BA7C-6277BAB06242}.Release|x86.Build.0 = Release|Any CPU
		{F595373B-5DAC-4F42-9B49-3C446F529F42}.Debug|Any CPU.ActiveCfg = Debug|Any CPU
		{F595373B-5DAC-4F42-9B49-3C446F529F42}.Debug|Any CPU.Build.0 = Debug|Any CPU
		{F595373B-5DAC-4F42-9B49-3C446F529F42}.Debug|x64.ActiveCfg = Debug|Any CPU
		{F595373B-5DAC-4F42-9B49-3C446F529F42}.Debug|x64.Build.0 = Debug|Any CPU
		{F595373B-5DAC-4F42-9B49-3C446F529F42}.Debug|x86.ActiveCfg = Debug|Any CPU
		{F595373B-5DAC-4F42-9B49-3C446F529F42}.Debug|x86.Build.0 = Debug|Any CPU
		{F595373B-5DAC-4F42-9B49-3C446F529F42}.Release|Any CPU.ActiveCfg = Release|Any CPU
		{F595373B-5DAC-4F42-9B49-3C446F529F42}.Release|Any CPU.Build.0 = Release|Any CPU
		{F595373B-5DAC-4F42-9B49-3C446F529F42}.Release|x64.ActiveCfg = Release|Any CPU
		{F595373B-5DAC-4F42-9B49-3C446F529F42}.Release|x64.Build.0 = Release|Any CPU
		{F595373B-5DAC-4F42-9B49-3C446F529F42}.Release|x86.ActiveCfg = Release|Any CPU
		{F595373B-5DAC-4F42-9B49-3C446F529F42}.Release|x86.Build.0 = Release|Any CPU
		{72C4CD6D-2C14-4814-A389-96D390454AC8}.Debug|Any CPU.ActiveCfg = Debug|Any CPU
		{72C4CD6D-2C14-4814-A389-96D390454AC8}.Debug|Any CPU.Build.0 = Debug|Any CPU
		{72C4CD6D-2C14-4814-A389-96D390454AC8}.Debug|x64.ActiveCfg = Debug|Any CPU
		{72C4CD6D-2C14-4814-A389-96D390454AC8}.Debug|x64.Build.0 = Debug|Any CPU
		{72C4CD6D-2C14-4814-A389-96D390454AC8}.Debug|x86.ActiveCfg = Debug|Any CPU
		{72C4CD6D-2C14-4814-A389-96D390454AC8}.Debug|x86.Build.0 = Debug|Any CPU
		{72C4CD6D-2C14-4814-A389-96D390454AC8}.Release|Any CPU.ActiveCfg = Release|Any CPU
		{72C4CD6D-2C14-4814-A389-96D390454AC8}.Release|Any CPU.Build.0 = Release|Any CPU
		{72C4CD6D-2C14-4814-A389-96D390454AC8}.Release|x64.ActiveCfg = Release|Any CPU
		{72C4CD6D-2C14-4814-A389-96D390454AC8}.Release|x64.Build.0 = Release|Any CPU
		{72C4CD6D-2C14-4814-A389-96D390454AC8}.Release|x86.ActiveCfg = Release|Any CPU
		{72C4CD6D-2C14-4814-A389-96D390454AC8}.Release|x86.Build.0 = Release|Any CPU
		{B80241B8-DD3F-4581-82BB-C42F204B6013}.Debug|Any CPU.ActiveCfg = Debug|Any CPU
		{B80241B8-DD3F-4581-82BB-C42F204B6013}.Debug|Any CPU.Build.0 = Debug|Any CPU
		{B80241B8-DD3F-4581-82BB-C42F204B6013}.Debug|x64.ActiveCfg = Debug|Any CPU
		{B80241B8-DD3F-4581-82BB-C42F204B6013}.Debug|x64.Build.0 = Debug|Any CPU
		{B80241B8-DD3F-4581-82BB-C42F204B6013}.Debug|x86.ActiveCfg = Debug|Any CPU
		{B80241B8-DD3F-4581-82BB-C42F204B6013}.Debug|x86.Build.0 = Debug|Any CPU
		{B80241B8-DD3F-4581-82BB-C42F204B6013}.Release|Any CPU.ActiveCfg = Release|Any CPU
		{B80241B8-DD3F-4581-82BB-C42F204B6013}.Release|Any CPU.Build.0 = Release|Any CPU
		{B80241B8-DD3F-4581-82BB-C42F204B6013}.Release|x64.ActiveCfg = Release|Any CPU
		{B80241B8-DD3F-4581-82BB-C42F204B6013}.Release|x64.Build.0 = Release|Any CPU
		{B80241B8-DD3F-4581-82BB-C42F204B6013}.Release|x86.ActiveCfg = Release|Any CPU
		{B80241B8-DD3F-4581-82BB-C42F204B6013}.Release|x86.Build.0 = Release|Any CPU
		{4172C1B6-A0BB-446E-B849-13C84AAE5994}.Debug|Any CPU.ActiveCfg = Debug|Any CPU
		{4172C1B6-A0BB-446E-B849-13C84AAE5994}.Debug|Any CPU.Build.0 = Debug|Any CPU
		{4172C1B6-A0BB-446E-B849-13C84AAE5994}.Debug|x64.ActiveCfg = Debug|Any CPU
		{4172C1B6-A0BB-446E-B849-13C84AAE5994}.Debug|x64.Build.0 = Debug|Any CPU
		{4172C1B6-A0BB-446E-B849-13C84AAE5994}.Debug|x86.ActiveCfg = Debug|Any CPU
		{4172C1B6-A0BB-446E-B849-13C84AAE5994}.Debug|x86.Build.0 = Debug|Any CPU
		{4172C1B6-A0BB-446E-B849-13C84AAE5994}.Release|Any CPU.ActiveCfg = Release|Any CPU
		{4172C1B6-A0BB-446E-B849-13C84AAE5994}.Release|Any CPU.Build.0 = Release|Any CPU
		{4172C1B6-A0BB-446E-B849-13C84AAE5994}.Release|x64.ActiveCfg = Release|Any CPU
		{4172C1B6-A0BB-446E-B849-13C84AAE5994}.Release|x64.Build.0 = Release|Any CPU
		{4172C1B6-A0BB-446E-B849-13C84AAE5994}.Release|x86.ActiveCfg = Release|Any CPU
		{4172C1B6-A0BB-446E-B849-13C84AAE5994}.Release|x86.Build.0 = Release|Any CPU
		{1D8A7E2F-4F3E-4895-A49C-9B45E8CA4516}.Debug|Any CPU.ActiveCfg = Debug|Any CPU
		{1D8A7E2F-4F3E-4895-A49C-9B45E8CA4516}.Debug|Any CPU.Build.0 = Debug|Any CPU
		{1D8A7E2F-4F3E-4895-A49C-9B45E8CA4516}.Debug|x64.ActiveCfg = Debug|Any CPU
		{1D8A7E2F-4F3E-4895-A49C-9B45E8CA4516}.Debug|x64.Build.0 = Debug|Any CPU
		{1D8A7E2F-4F3E-4895-A49C-9B45E8CA4516}.Debug|x86.ActiveCfg = Debug|Any CPU
		{1D8A7E2F-4F3E-4895-A49C-9B45E8CA4516}.Debug|x86.Build.0 = Debug|Any CPU
		{1D8A7E2F-4F3E-4895-A49C-9B45E8CA4516}.Release|Any CPU.ActiveCfg = Release|Any CPU
		{1D8A7E2F-4F3E-4895-A49C-9B45E8CA4516}.Release|Any CPU.Build.0 = Release|Any CPU
		{1D8A7E2F-4F3E-4895-A49C-9B45E8CA4516}.Release|x64.ActiveCfg = Release|Any CPU
		{1D8A7E2F-4F3E-4895-A49C-9B45E8CA4516}.Release|x64.Build.0 = Release|Any CPU
		{1D8A7E2F-4F3E-4895-A49C-9B45E8CA4516}.Release|x86.ActiveCfg = Release|Any CPU
		{1D8A7E2F-4F3E-4895-A49C-9B45E8CA4516}.Release|x86.Build.0 = Release|Any CPU
		{62A4CE70-AAAF-4A40-96AA-161F6108745F}.Debug|Any CPU.ActiveCfg = Debug|Any CPU
		{62A4CE70-AAAF-4A40-96AA-161F6108745F}.Debug|Any CPU.Build.0 = Debug|Any CPU
		{62A4CE70-AAAF-4A40-96AA-161F6108745F}.Debug|x64.ActiveCfg = Debug|Any CPU
		{62A4CE70-AAAF-4A40-96AA-161F6108745F}.Debug|x64.Build.0 = Debug|Any CPU
		{62A4CE70-AAAF-4A40-96AA-161F6108745F}.Debug|x86.ActiveCfg = Debug|Any CPU
		{62A4CE70-AAAF-4A40-96AA-161F6108745F}.Debug|x86.Build.0 = Debug|Any CPU
		{62A4CE70-AAAF-4A40-96AA-161F6108745F}.Release|Any CPU.ActiveCfg = Release|Any CPU
		{62A4CE70-AAAF-4A40-96AA-161F6108745F}.Release|Any CPU.Build.0 = Release|Any CPU
		{62A4CE70-AAAF-4A40-96AA-161F6108745F}.Release|x64.ActiveCfg = Release|Any CPU
		{62A4CE70-AAAF-4A40-96AA-161F6108745F}.Release|x64.Build.0 = Release|Any CPU
		{62A4CE70-AAAF-4A40-96AA-161F6108745F}.Release|x86.ActiveCfg = Release|Any CPU
		{62A4CE70-AAAF-4A40-96AA-161F6108745F}.Release|x86.Build.0 = Release|Any CPU
	EndGlobalSection
	GlobalSection(SolutionProperties) = preSolution
		HideSolutionNode = FALSE
	EndGlobalSection
	GlobalSection(NestedProjects) = preSolution
		{1D8A7E2F-4F3E-4895-A49C-9B45E8CA4516} = {0AB3BF05-4346-4AA6-1389-037BE0695223}
		{62A4CE70-AAAF-4A40-96AA-161F6108745F} = {0AB3BF05-4346-4AA6-1389-037BE0695223}
	EndGlobalSection
EndGlobal
